<Solution>
  <Folder Name="/solution/">
    <File Path="AGENTS.md" />
    <File Path="Directory.Build.props" />
    <File Path="Directory.Packages.props" />
    <File Path="README.md" />
  </Folder>
  <Folder Name="/src/">
    <Project Path="src/TuyaControl/TuyaControl.csproj" />
  </Folder>
  <Folder Name="/tests/">
    <Project Path="tests/TuyaControl.Tests/TuyaControl.Tests.csproj" />
  </Folder>
</Solution>
